
Microsoft Visual Studio Solution File, Format Version 12.00
# Visual Studio Version 17
VisualStudioVersion = 17.3.32819.101
MinimumVisualStudioVersion = 10.0.40219.1
Project("{FAE04EC0-301F-11D3-BF4B-00C04F79EFBC}") = "L5 LPRR 1148822", "L5 LPRR 1148822\L5 LPRR 1148822.csproj", "{4873BBC6-18FE-4FC8-B9B1-17035E26F846}"
EndProject
Global
	GlobalSection(SolutionConfigurationPlatforms) = preSolution
		Debug|Any CPU = Debug|Any CPU
		Release|Any CPU = Release|Any CPU
	EndGlobalSection
	GlobalSection(ProjectConfigurationPlatforms) = postSolution
		{4873BBC6-18FE-4FC8-B9B1-17035E26F846}.Debug|Any CPU.ActiveCfg = Debug|Any CPU
		{4873BBC6-18FE-4FC8-B9B1-17035E26F846}.Debug|Any CPU.Build.0 = Debug|Any CPU
		{4873BBC6-18FE-4FC8-B9B1-17035E26F846}.Release|Any CPU.ActiveCfg = Release|Any CPU
		{4873BBC6-18FE-4FC8-B9B1-17035E26F846}.Release|Any CPU.Build.0 = Release|Any CPU
	EndGlobalSection
	GlobalSection(SolutionProperties) = preSolution
		HideSolutionNode = FALSE
	EndGlobalSection
	GlobalSection(ExtensibilityGlobals) = postSolution
		SolutionGuid = {C3F40E8A-CCE7-4466-B013-207628F148F5}
	EndGlobalSection
EndGlobal
